
Microsoft Visual Studio Solution File, Format Version 12.00
# Visual Studio Version 16
VisualStudioVersion = 16.0.28803.452
MinimumVisualStudioVersion = 10.0.40219.1
Project("{9A19103F-16F7-4668-BE54-9A1E7A4F7556}") = "DevilDaggersCustomLeaderboards", "DevilDaggersCustomLeaderboards\DevilDaggersCustomLeaderboards.csproj", "{FD7FEA29-AB64-43B3-9CC6-09EC076E310C}"
EndProject
Global
	GlobalSection(SolutionConfigurationPlatforms) = preSolution
		Debug|x64 = Debug|x64
		Release|x64 = Release|x64
	EndGlobalSection
	GlobalSection(ProjectConfigurationPlatforms) = postSolution
		{FD7FEA29-AB64-43B3-9CC6-09EC076E310C}.Debug|x64.ActiveCfg = Debug|x64
		{FD7FEA29-AB64-43B3-9CC6-09EC076E310C}.Debug|x64.Build.0 = Debug|x64
		{FD7FEA29-AB64-43B3-9CC6-09EC076E310C}.Release|x64.ActiveCfg = Release|x64
		{FD7FEA29-AB64-43B3-9CC6-09EC076E310C}.Release|x64.Build.0 = Release|x64
	EndGlobalSection
	GlobalSection(SolutionProperties) = preSolution
		HideSolutionNode = FALSE
	EndGlobalSection
	GlobalSection(ExtensibilityGlobals) = postSolution
		SolutionGuid = {F0518D4F-6C24-47C9-B7B9-4D24E11964CF}
	EndGlobalSection
EndGlobal
